# This file is autogenerated, do not edit; changes may be undone by the next 'dep ensure'.


[[projects]]
  name = "github.com/DataDog/zstd"
  packages = ["."]
  revision = "0727e1752ea5db67e0ede4e0fb7168ddc6ead61b"
  version = "v1.3.0"

[[projects]]
  branch = "master"
  name = "github.com/alecthomas/template"
  packages = [
    ".",
    "parse"
  ]
  revision = "a0175ee3bccc567396460bf5acd36800cb10c49c"

[[projects]]
  branch = "master"
  name = "github.com/alecthomas/units"
  packages = ["."]
  revision = "2efee857e7cfd4f3d0138cc3cbb1b4966962b93a"

[[projects]]
  name = "github.com/develar/errors"
  packages = ["."]
  revision = "25fc63f959d98d6b6ef342978dfb8080357690c0"
  version = "v0.8.1"

[[projects]]
  branch = "master"
  name = "github.com/develar/go-fs-util"
  packages = ["."]
  revision = "c6d0182b1a10f39ed2f5eff8ebfd88d4fd0ff038"

[[projects]]
  name = "github.com/pkg/errors"
  packages = ["."]
  revision = "645ef00459ed84a119197bfb8d8205042c6df63d"
  version = "v0.8.0"

[[projects]]
  name = "gopkg.in/alecthomas/kingpin.v2"
  packages = ["."]
  revision = "947dcec5ba9c011838740e680966fd7087a71d0d"
  version = "v2.2.6"

[solve-meta]
  analyzer-name = "dep"
  analyzer-version = 1
  inputs-digest = "ba49625318b7fcb2e63c0574a698181687490bc9cf4c6f597574df64fe5a5dc2"
  solver-name = "gps-cdcl"
  solver-version = 1
